{
  "name": "ixo-module",
  "version": "1.0.7",
  "lockfileVersion": 1,
  "requires": true,
  "dependencies": {
    "amdefine": {
      "version": "1.0.1",
      "resolved": "https://registry.npmjs.org/amdefine/-/amdefine-1.0.1.tgz",
      "integrity": "sha1-SlKCrBZHKek2Gbz9OtFR+BfOkfU=",
      "dev": true
    },
    "ast-types": {
      "version": "0.6.16",
      "resolved": "https://registry.npmjs.org/ast-types/-/ast-types-0.6.16.tgz",
      "integrity": "sha1-BCBbcu3dGVqP6qCB8R0ClKJN7ZM=",
      "dev": true
    },
    "base-x": {
      "version": "3.0.4",
      "resolved": "https://registry.npmjs.org/base-x/-/base-x-3.0.4.tgz",
      "integrity": "sha512-UYOadoSIkEI/VrRGSG6qp93rp2WdokiAiNYDfGW5qURAY8GiAQkvMbwNNSDYiVJopqv4gCna7xqf4rrNGp+5AA==",
      "requires": {
        "safe-buffer": "5.1.1"
      }
    },
    "bip39": {
      "version": "2.4.0",
      "resolved": "https://registry.npmjs.org/bip39/-/bip39-2.4.0.tgz",
      "integrity": "sha512-1++HywqIyPtWDo7gm4v0ylYbwkLvHkuwVSKbBlZBbTCP/mnkyrlARBny906VLAwxJbC5xw9EvuJasHFIZaIFMQ==",
      "requires": {
        "create-hash": "1.1.3",
        "pbkdf2": "3.0.14",
        "randombytes": "2.0.5",
        "safe-buffer": "5.1.1",
        "unorm": "1.4.1"
      }
    },
    "bs58": {
      "version": "4.0.1",
      "resolved": "https://registry.npmjs.org/bs58/-/bs58-4.0.1.tgz",
      "integrity": "sha1-vhYedsNU9veIrkBx9j806MTwpCo=",
      "requires": {
        "base-x": "3.0.4"
      }
    },
    "cipher-base": {
      "version": "1.0.4",
      "resolved": "https://registry.npmjs.org/cipher-base/-/cipher-base-1.0.4.tgz",
      "integrity": "sha512-Kkht5ye6ZGmwv40uUDZztayT2ThLQGfnj/T71N/XzeZeo3nf8foyW7zGTsPYkEya3m5f3cAypH+qe7YOrM1U2Q==",
      "requires": {
        "inherits": "2.0.3",
        "safe-buffer": "5.1.1"
      }
    },
    "create-hash": {
      "version": "1.1.3",
      "resolved": "https://registry.npmjs.org/create-hash/-/create-hash-1.1.3.tgz",
      "integrity": "sha1-YGBCrIuSYnUPSDyt2rD1gZFy2P0=",
      "requires": {
        "cipher-base": "1.0.4",
        "inherits": "2.0.3",
        "ripemd160": "2.0.1",
        "sha.js": "2.4.9"
      }
    },
    "create-hmac": {
      "version": "1.1.6",
      "resolved": "https://registry.npmjs.org/create-hmac/-/create-hmac-1.1.6.tgz",
      "integrity": "sha1-rLniIaThe9sHbpBlfEK5PjcmzwY=",
      "requires": {
        "cipher-base": "1.0.4",
        "create-hash": "1.1.3",
        "inherits": "2.0.3",
        "ripemd160": "2.0.1",
        "safe-buffer": "5.1.1",
        "sha.js": "2.4.9"
      }
    },
    "d": {
      "version": "1.0.0",
      "resolved": "https://registry.npmjs.org/d/-/d-1.0.0.tgz",
      "integrity": "sha1-dUu1v+VUUdpppYuU1F9MWwRi1Y8=",
      "dev": true,
      "requires": {
        "es5-ext": "0.10.37"
      }
    },
    "es5-ext": {
      "version": "0.10.37",
      "resolved": "https://registry.npmjs.org/es5-ext/-/es5-ext-0.10.37.tgz",
      "integrity": "sha1-DudB0Ui4AGm6J9AgOTdWryV978M=",
      "dev": true,
      "requires": {
        "es6-iterator": "2.0.3",
        "es6-symbol": "3.1.1"
      }
    },
    "es6-iterator": {
      "version": "2.0.3",
      "resolved": "https://registry.npmjs.org/es6-iterator/-/es6-iterator-2.0.3.tgz",
      "integrity": "sha1-p96IkUGgWpSwhUQDstCg+/qY87c=",
      "dev": true,
      "requires": {
        "d": "1.0.0",
        "es5-ext": "0.10.37",
        "es6-symbol": "3.1.1"
      }
    },
    "es6-symbol": {
      "version": "3.1.1",
      "resolved": "https://registry.npmjs.org/es6-symbol/-/es6-symbol-3.1.1.tgz",
      "integrity": "sha1-vwDvT9q2uhtG7Le2KbTH7VcVzHc=",
      "dev": true,
      "requires": {
        "d": "1.0.0",
        "es5-ext": "0.10.37"
      }
    },
    "es6-template-strings": {
      "version": "1.0.0",
      "resolved": "https://registry.npmjs.org/es6-template-strings/-/es6-template-strings-1.0.0.tgz",
      "integrity": "sha1-M6zUtfyCSIpXbqUld37fPm7Nu98=",
      "dev": true,
      "requires": {
        "es5-ext": "0.10.37"
      }
    },
    "es6-templates": {
      "version": "0.2.2",
      "resolved": "https://registry.npmjs.org/es6-templates/-/es6-templates-0.2.2.tgz",
      "integrity": "sha1-0ToCsFL3SJGzCaAgQ7x7PWoj9Z8=",
      "dev": true,
      "requires": {
        "recast": "0.9.18",
        "through": "2.3.8"
      }
    },
    "esprima-fb": {
      "version": "10001.1.0-dev-harmony-fb",
      "resolved": "https://registry.npmjs.org/esprima-fb/-/esprima-fb-10001.1.0-dev-harmony-fb.tgz",
      "integrity": "sha1-9++0UtPIAG3eazxZZ4YE9xFKiCw=",
      "dev": true
    },
    "hash-base": {
      "version": "2.0.2",
      "resolved": "https://registry.npmjs.org/hash-base/-/hash-base-2.0.2.tgz",
      "integrity": "sha1-ZuodhW206KVHDK32/OI65SRO8uE=",
      "requires": {
        "inherits": "2.0.3"
      }
    },
    "inherits": {
      "version": "2.0.3",
      "resolved": "https://registry.npmjs.org/inherits/-/inherits-2.0.3.tgz",
      "integrity": "sha1-Yzwsg+PaQqUC9SRmAiSA9CCCYd4="
    },
    "node-readme": {
      "version": "0.1.9",
      "resolved": "https://registry.npmjs.org/node-readme/-/node-readme-0.1.9.tgz",
      "integrity": "sha1-VykO32WLQMiVQJh0o2WrsLkUdLk=",
      "dev": true,
      "requires": {
        "es6-template-strings": "1.0.0",
        "es6-templates": "0.2.2",
        "oss-license-name-to-url": "1.2.1"
      }
    },
    "osi-licenses": {
      "version": "0.1.1",
      "resolved": "https://registry.npmjs.org/osi-licenses/-/osi-licenses-0.1.1.tgz",
      "integrity": "sha1-YqAoct7CMGwM+5Qfc6gLrh7imlg=",
      "dev": true
    },
    "oss-license-name-to-url": {
      "version": "1.2.1",
      "resolved": "https://registry.npmjs.org/oss-license-name-to-url/-/oss-license-name-to-url-1.2.1.tgz",
      "integrity": "sha1-dzsFJFBvRy5xDT9D72fBnKIoVCM=",
      "dev": true,
      "requires": {
        "osi-licenses": "0.1.1"
      }
    },
    "pbkdf2": {
      "version": "3.0.14",
      "resolved": "https://registry.npmjs.org/pbkdf2/-/pbkdf2-3.0.14.tgz",
      "integrity": "sha512-gjsZW9O34fm0R7PaLHRJmLLVfSoesxztjPjE9o6R+qtVJij90ltg1joIovN9GKrRW3t1PzhDDG3UMEMFfZ+1wA==",
      "requires": {
        "create-hash": "1.1.3",
        "create-hmac": "1.1.6",
        "ripemd160": "2.0.1",
        "safe-buffer": "5.1.1",
        "sha.js": "2.4.9"
      }
    },
    "private": {
      "version": "0.1.8",
      "resolved": "https://registry.npmjs.org/private/-/private-0.1.8.tgz",
      "integrity": "sha512-VvivMrbvd2nKkiG38qjULzlc+4Vx4wm/whI9pQD35YrARNnhxeiRktSOhSukRLFNlzg6Br/cJPet5J/u19r/mg==",
      "dev": true
    },
    "randombytes": {
      "version": "2.0.5",
      "resolved": "https://registry.npmjs.org/randombytes/-/randombytes-2.0.5.tgz",
      "integrity": "sha512-8T7Zn1AhMsQ/HI1SjcCfT/t4ii3eAqco3yOcSzS4mozsOz69lHLsoMXmF9nZgnFanYscnSlUSgs8uZyKzpE6kg==",
      "requires": {
        "safe-buffer": "5.1.1"
      }
    },
    "recast": {
      "version": "0.9.18",
      "resolved": "https://registry.npmjs.org/recast/-/recast-0.9.18.tgz",
      "integrity": "sha1-9wkhu59zfY4fsGpEAxW9fsFFh8k=",
      "dev": true,
      "requires": {
        "ast-types": "0.6.16",
        "esprima-fb": "10001.1.0-dev-harmony-fb",
        "private": "0.1.8",
        "source-map": "0.1.43"
      }
    },
    "ripemd160": {
      "version": "2.0.1",
      "resolved": "https://registry.npmjs.org/ripemd160/-/ripemd160-2.0.1.tgz",
      "integrity": "sha1-D0WEKVxTo2KK9+bXmsohzlfRxuc=",
      "requires": {
        "hash-base": "2.0.2",
        "inherits": "2.0.3"
      }
    },
    "safe-buffer": {
      "version": "5.1.1",
      "resolved": "https://registry.npmjs.org/safe-buffer/-/safe-buffer-5.1.1.tgz",
      "integrity": "sha512-kKvNJn6Mm93gAczWVJg7wH+wGYWNrDHdWvpUmHyEsgCtIwwo3bqPtV4tR5tuPaUhTOo/kvhVwd8XwwOllGYkbg=="
    },
    "sha.js": {
      "version": "2.4.9",
      "resolved": "https://registry.npmjs.org/sha.js/-/sha.js-2.4.9.tgz",
      "integrity": "sha512-G8zektVqbiPHrylgew9Zg1VRB1L/DtXNUVAM6q4QLy8NE3qtHlFXTf8VLL4k1Yl6c7NMjtZUTdXV+X44nFaT6A==",
      "requires": {
        "inherits": "2.0.3",
        "safe-buffer": "5.1.1"
      }
    },
    "source-map": {
      "version": "0.1.43",
      "resolved": "https://registry.npmjs.org/source-map/-/source-map-0.1.43.tgz",
      "integrity": "sha1-wkvBRspRfBRx9drL4lcbK3+eM0Y=",
      "dev": true,
      "requires": {
        "amdefine": "1.0.1"
      }
    },
    "sovrin-did": {
      "version": "1.2.0",
      "resolved": "https://registry.npmjs.org/sovrin-did/-/sovrin-did-1.2.0.tgz",
      "integrity": "sha512-KHP+ZeH0m25z8mEXvpmejSx8x4RdJmoryKfypucbulUwPBqTULwA7bZrwP829XenGtvYrRRnLg8A0gbs0OTbkA==",
      "requires": {
        "bs58": "4.0.1",
        "tweetnacl": "1.0.0"
      }
    },
    "through": {
      "version": "2.3.8",
      "resolved": "https://registry.npmjs.org/through/-/through-2.3.8.tgz",
      "integrity": "sha1-DdTJ/6q8NXlgsbckEV1+Doai4fU=",
      "dev": true
    },
    "tweetnacl": {
      "version": "1.0.0",
      "resolved": "https://registry.npmjs.org/tweetnacl/-/tweetnacl-1.0.0.tgz",
      "integrity": "sha1-cT2LgY2kIGh0C/aDhtBHnmb8ins="
    },
    "unorm": {
      "version": "1.4.1",
      "resolved": "https://registry.npmjs.org/unorm/-/unorm-1.4.1.tgz",
      "integrity": "sha1-NkIA1fE2RsqLzURJAnEzVhR5IwA="
    }
  }
}
